{
  "name": "@torque-labs/torque-types",
  "version": "1.0.1",
  "lockfileVersion": 3,
  "requires": true,
  "packages": {
    "": {
      "name": "@torque-labs/torque-types",
      "version": "1.0.1",
      "license": "MIT",
      "dependencies": {
        "@solana/wallet-standard-features": "^1.2.0",
        "zod": "^3.23.8"
      }
    },
    "node_modules/@solana/wallet-standard-features": {
      "version": "1.2.0",
      "resolved": "https://registry.npmjs.org/@solana/wallet-standard-features/-/wallet-standard-features-1.2.0.tgz",
      "integrity": "sha512-tUd9srDLkRpe1BYg7we+c4UhRQkq+XQWswsr/L1xfGmoRDF47BPSXf4zE7ZU2GRBGvxtGt7lwJVAufQyQYhxTQ==",
      "dependencies": {
        "@wallet-standard/base": "^1.0.1",
        "@wallet-standard/features": "^1.0.3"
      },
      "engines": {
        "node": ">=16"
      }
    },
    "node_modules/@wallet-standard/base": {
      "version": "1.0.1",
      "resolved": "https://registry.npmjs.org/@wallet-standard/base/-/base-1.0.1.tgz",
      "integrity": "sha512-1To3ekMfzhYxe0Yhkpri+Fedq0SYcfrOfJi3vbLjMwF2qiKPjTGLwZkf2C9ftdQmxES+hmxhBzTwF4KgcOwf8w==",
      "engines": {
        "node": ">=16"
      }
    },
    "node_modules/@wallet-standard/features": {
      "version": "1.0.3",
      "resolved": "https://registry.npmjs.org/@wallet-standard/features/-/features-1.0.3.tgz",
      "integrity": "sha512-m8475I6W5LTatTZuUz5JJNK42wFRgkJTB0I9tkruMwfqBF2UN2eomkYNVf9RbrsROelCRzSFmugqjKZBFaubsA==",
      "dependencies": {
        "@wallet-standard/base": "^1.0.1"
      },
      "engines": {
        "node": ">=16"
      }
    },
    "node_modules/zod": {
      "version": "3.23.8",
      "resolved": "https://registry.npmjs.org/zod/-/zod-3.23.8.tgz",
      "integrity": "sha512-XBx9AXhXktjUqnepgTiE5flcKIYWi/rme0Eaj+5Y0lftuGBq+jyRu/md4WnuxqgP1ubdpNCsYEYPxrzVHD8d6g==",
      "funding": {
        "url": "https://github.com/sponsors/colinhacks"
      }
    }
  }
}
